
Microsoft Visual Studio Solution File, Format Version 12.00
# Visual Studio Version 17
VisualStudioVersion = 17.14.36121.58 d17.14
MinimumVisualStudioVersion = 10.0.40219.1
Project("{FAE04EC0-301F-11D3-BF4B-00C04F79EFBC}") = "Demo", "Demo\Demo.csproj", "{DD898130-B7FD-48C5-9791-574AF8CD8D92}"
EndProject
Global
	GlobalSection(SolutionConfigurationPlatforms) = preSolution
		Debug|Any CPU = Debug|Any CPU
		Release|Any CPU = Release|Any CPU
	EndGlobalSection
	GlobalSection(ProjectConfigurationPlatforms) = postSolution
		{DD898130-B7FD-48C5-9791-574AF8CD8D92}.Debug|Any CPU.ActiveCfg = Debug|Any CPU
		{DD898130-B7FD-48C5-9791-574AF8CD8D92}.Debug|Any CPU.Build.0 = Debug|Any CPU
		{DD898130-B7FD-48C5-9791-574AF8CD8D92}.Release|Any CPU.ActiveCfg = Release|Any CPU
		{DD898130-B7FD-48C5-9791-574AF8CD8D92}.Release|Any CPU.Build.0 = Release|Any CPU
	EndGlobalSection
	GlobalSection(SolutionProperties) = preSolution
		HideSolutionNode = FALSE
	EndGlobalSection
	GlobalSection(ExtensibilityGlobals) = postSolution
		SolutionGuid = {DCB1CA9F-C2C5-4747-83EC-3A84B4F15933}
	EndGlobalSection
EndGlobal
